
Microsoft Visual Studio Solution File, Format Version 12.00
# Visual Studio 15
VisualStudioVersion = 15.0.28307.271
MinimumVisualStudioVersion = 10.0.40219.1
Project("{2150E333-8FDC-42A3-9474-1A3956D46DE8}") = "Solution Items", "Solution Items", "{8853044B-7D95-4B20-965D-08E2454F781F}"
	ProjectSection(SolutionItems) = preProject
		.gitignore = .gitignore
		KeePass.version = KeePass.version
		README.md = README.md
	EndProjectSection
EndProject
Project("{FAE04EC0-301F-11D3-BF4B-00C04F79EFBC}") = "HaveIBeenPwnedPlugin", "HaveIBeenPwnedKeePassPlugin\HaveIBeenPwnedPlugin.csproj", "{CAC070C1-8B7E-4BA7-8F20-B3E4F56D2E03}"
EndProject
Global
	GlobalSection(SolutionConfigurationPlatforms) = preSolution
		Debug|Any CPU = Debug|Any CPU
		Release|Any CPU = Release|Any CPU
	EndGlobalSection
	GlobalSection(ProjectConfigurationPlatforms) = postSolution
		{CAC070C1-8B7E-4BA7-8F20-B3E4F56D2E03}.Debug|Any CPU.ActiveCfg = Debug|Any CPU
		{CAC070C1-8B7E-4BA7-8F20-B3E4F56D2E03}.Debug|Any CPU.Build.0 = Debug|Any CPU
		{CAC070C1-8B7E-4BA7-8F20-B3E4F56D2E03}.Release|Any CPU.ActiveCfg = Release|Any CPU
		{CAC070C1-8B7E-4BA7-8F20-B3E4F56D2E03}.Release|Any CPU.Build.0 = Release|Any CPU
	EndGlobalSection
	GlobalSection(SolutionProperties) = preSolution
		HideSolutionNode = FALSE
	EndGlobalSection
	GlobalSection(ExtensibilityGlobals) = postSolution
		SolutionGuid = {B667B289-C3BC-465F-96E7-D5525413380F}
	EndGlobalSection
EndGlobal
